
Microsoft Visual Studio Solution File, Format Version 12.00
# Visual Studio Version 16
VisualStudioVersion = 16.0.30011.22
MinimumVisualStudioVersion = 10.0.40219.1
Project("{9A19103F-16F7-4668-BE54-9A1E7A4F7556}") = "BlazingGoogleMaps.Server", "BlazingGoogleMaps.Server\BlazingGoogleMaps.Server.csproj", "{1535FF6B-64CA-4824-8BBF-4B4F7940473E}"
EndProject
Global
	GlobalSection(SolutionConfigurationPlatforms) = preSolution
		Debug|Any CPU = Debug|Any CPU
		Release|Any CPU = Release|Any CPU
	EndGlobalSection
	GlobalSection(ProjectConfigurationPlatforms) = postSolution
		{1535FF6B-64CA-4824-8BBF-4B4F7940473E}.Debug|Any CPU.ActiveCfg = Debug|Any CPU
		{1535FF6B-64CA-4824-8BBF-4B4F7940473E}.Debug|Any CPU.Build.0 = Debug|Any CPU
		{1535FF6B-64CA-4824-8BBF-4B4F7940473E}.Release|Any CPU.ActiveCfg = Release|Any CPU
		{1535FF6B-64CA-4824-8BBF-4B4F7940473E}.Release|Any CPU.Build.0 = Release|Any CPU
	EndGlobalSection
	GlobalSection(SolutionProperties) = preSolution
		HideSolutionNode = FALSE
	EndGlobalSection
	GlobalSection(ExtensibilityGlobals) = postSolution
		SolutionGuid = {EC853392-FE5B-4AAD-83E9-E8033104833D}
	EndGlobalSection
EndGlobal
